Microsoft Visual Studio Solution File, Format Version 12.00
# Visual Studio Version 17
VisualStudioVersion = 17.5.2.0
MinimumVisualStudioVersion = 10.0.40219.1
Project("{FAE04EC0-301F-11D3-BF4B-00C04F79EFBC}") = "BookTracker", "BookTracker.csproj", "{D5A560EE-2319-CC71-0E07-658C47E44D89}"
EndProject
Global
	GlobalSection(SolutionConfigurationPlatforms) = preSolution
		Debug|Any CPU = Debug|Any CPU
		Release|Any CPU = Release|Any CPU
	EndGlobalSection
	GlobalSection(ProjectConfigurationPlatforms) = postSolution
		{D5A560EE-2319-CC71-0E07-658C47E44D89}.Debug|Any CPU.ActiveCfg = Debug|Any CPU
		{D5A560EE-2319-CC71-0E07-658C47E44D89}.Debug|Any CPU.Build.0 = Debug|Any CPU
		{D5A560EE-2319-CC71-0E07-658C47E44D89}.Release|Any CPU.ActiveCfg = Release|Any CPU
		{D5A560EE-2319-CC71-0E07-658C47E44D89}.Release|Any CPU.Build.0 = Release|Any CPU
	EndGlobalSection
	GlobalSection(SolutionProperties) = preSolution
		HideSolutionNode = FALSE
	EndGlobalSection
	GlobalSection(ExtensibilityGlobals) = postSolution
		SolutionGuid = {F7632F6E-9384-416A-A52B-9F94B4D94A15}
	EndGlobalSection
EndGlobal
